// !$*UTF8*$!
{
	archiveVersion = 1;
	classes = {
	};
	objectVersion = 56;
	objects = {

/* Begin PBXBuildFile section */
		4674CB3829A4F2DA0032391A /* AppDelegate.swift in Sources */ = {isa = PBXBuildFile; fileRef = 4674CB3729A4F2DA0032391A /* AppDelegate.swift */; };
		4674CB3A29A4F2DA0032391A /* SceneDelegate.swift in Sources */ = {isa = PBXBuildFile; fileRef = 4674CB3929A4F2DA0032391A /* SceneDelegate.swift */; };
		4674CB3C29A4F2DA0032391A /* ImageListVC.swift in Sources */ = {isa = PBXBuildFile; fileRef = 4674CB3B29A4F2DA0032391A /* ImageListVC.swift */; };
		4674CB3F29A4F2DA0032391A /* Main.storyboard in Resources */ = {isa = PBXBuildFile; fileRef = 4674CB3D29A4F2DA0032391A /* Main.storyboard */; };
		4674CB4129A4F2DB0032391A /* Assets.xcassets in Resources */ = {isa = PBXBuildFile; fileRef = 4674CB4029A4F2DB0032391A /* Assets.xcassets */; };
		4674CB4429A4F2DB0032391A /* LaunchScreen.storyboard in Resources */ = {isa = PBXBuildFile; fileRef = 4674CB4229A4F2DB0032391A /* LaunchScreen.storyboard */; };
		4674CB4F29A4F2DC0032391A /* NASAAppCloneTests.swift in Sources */ = {isa = PBXBuildFile; fileRef = 4674CB4E29A4F2DC0032391A /* NASAAppCloneTests.swift */; };
		4674CB5929A4F2DC0032391A /* NASAAppCloneUITests.swift in Sources */ = {isa = PBXBuildFile; fileRef = 4674CB5829A4F2DC0032391A /* NASAAppCloneUITests.swift */; };
		4674CB5B29A4F2DC0032391A /* NASAAppCloneUITestsLaunchTests.swift in Sources */ = {isa = PBXBuildFile; fileRef = 4674CB5A29A4F2DC0032391A /* NASAAppCloneUITestsLaunchTests.swift */; };
		4674CB6D29A4F61A0032391A /* Image.swift in Sources */ = {isa = PBXBuildFile; fileRef = 4674CB6C29A4F61A0032391A /* Image.swift */; };
		4674CB7129A4F71F0032391A /* APICaller.swift in Sources */ = {isa = PBXBuildFile; fileRef = 4674CB7029A4F71F0032391A /* APICaller.swift */; };
		4674CB7329A4F7580032391A /* ImageListViewModel.swift in Sources */ = {isa = PBXBuildFile; fileRef = 4674CB7229A4F7580032391A /* ImageListViewModel.swift */; };
		4674CB7629A509190032391A /* ImageCell.swift in Sources */ = {isa = PBXBuildFile; fileRef = 4674CB7529A509190032391A /* ImageCell.swift */; };
		4674CB7729A521DB0032391A /* Data.json in Resources */ = {isa = PBXBuildFile; fileRef = 4674CB6B29A4F3C00032391A /* Data.json */; };
		4674CB7A29A5403F0032391A /* Kingfisher in Frameworks */ = {isa = PBXBuildFile; productRef = 4674CB7929A5403F0032391A /* Kingfisher */; };
		4674CB7C29A5431D0032391A /* DetailVC.swift in Sources */ = {isa = PBXBuildFile; fileRef = 4674CB7B29A5431D0032391A /* DetailVC.swift */; };
		4674CB7E29A5654F0032391A /* ImageTests.swift in Sources */ = {isa = PBXBuildFile; fileRef = 4674CB7D29A5654F0032391A /* ImageTests.swift */; };
		4674CB8029A5666B0032391A /* ImageListViewModelTests.swift in Sources */ = {isa = PBXBuildFile; fileRef = 4674CB7F29A5666B0032391A /* ImageListViewModelTests.swift */; };
		4674CB8229A56EE10032391A /* DetailImageCell.swift in Sources */ = {isa = PBXBuildFile; fileRef = 4674CB8129A56EE10032391A /* DetailImageCell.swift */; };
		4674CB8429A5D40F0032391A /* ImageCardsCollectionFlowLayout.swift in Sources */ = {isa = PBXBuildFile; fileRef = 4674CB8329A5D40F0032391A /* ImageCardsCollectionFlowLayout.swift */; };
/* End PBXBuildFile section */

/* Begin PBXContainerItemProxy section */
		4674CB4B29A4F2DC0032391A /* PBXContainerItemProxy */ = {
			isa = PBXContainerItemProxy;
			containerPortal = 4674CB2C29A4F2DA0032391A /* Project object */;
			proxyType = 1;
			remoteGlobalIDString = 4674CB3329A4F2DA0032391A;
			remoteInfo = NASAAppClone;
		};
		4674CB5529A4F2DC0032391A /* PBXContainerItemProxy */ = {
			isa = PBXContainerItemProxy;
			containerPortal = 4674CB2C29A4F2DA0032391A /* Project object */;
			proxyType = 1;
			remoteGlobalIDString = 4674CB3329A4F2DA0032391A;
			remoteInfo = NASAAppClone;
		};
/* End PBXContainerItemProxy section */

/* Begin PBXFileReference section */
		4674CB3429A4F2DA0032391A /* NASAAppClone.app */ = {isa = PBXFileReference; explicitFileType = wrapper.application; includeInIndex = 0; path = NASAAppClone.app; sourceTree = BUILT_PRODUCTS_DIR; };
		4674CB3729A4F2DA0032391A /* AppDelegate.swift */ = {isa = PBXFileReference; lastKnownFileType = sourcecode.swift; path = AppDelegate.swift; sourceTree = "<group>"; };
		4674CB3929A4F2DA0032391A /* SceneDelegate.swift */ = {isa = PBXFileReference; lastKnownFileType = sourcecode.swift; path = SceneDelegate.swift; sourceTree = "<group>"; };
		4674CB3B29A4F2DA0032391A /* ImageListVC.swift */ = {isa = PBXFileReference; lastKnownFileType = sourcecode.swift; path = ImageListVC.swift; sourceTree = "<group>"; };
		4674CB3E29A4F2DA0032391A /* Base */ = {isa = PBXFileReference; lastKnownFileType = file.storyboard; name = Base; path = Base.lproj/Main.storyboard; sourceTree = "<group>"; };
		4674CB4029A4F2DB0032391A /* Assets.xcassets */ = {isa = PBXFileReference; lastKnownFileType = folder.assetcatalog; path = Assets.xcassets; sourceTree = "<group>"; };
		4674CB4329A4F2DB0032391A /* Base */ = {isa = PBXFileReference; lastKnownFileType = file.storyboard; name = Base; path = Base.lproj/LaunchScreen.storyboard; sourceTree = "<group>"; };
		4674CB4529A4F2DB0032391A /* Info.plist */ = {isa = PBXFileReference; lastKnownFileType = text.plist.xml; path = Info.plist; sourceTree = "<group>"; };
		4674CB4A29A4F2DC0032391A /* NASAAppCloneTests.xctest */ = {isa = PBXFileReference; explicitFileType = wrapper.cfbundle; includeInIndex = 0; path = NASAAppCloneTests.xctest; sourceTree = BUILT_PRODUCTS_DIR; };
		4674CB4E29A4F2DC0032391A /* NASAAppCloneTests.swift */ = {isa = PBXFileReference; lastKnownFileType = sourcecode.swift; path = NASAAppCloneTests.swift; sourceTree = "<group>"; };
		4674CB5429A4F2DC0032391A /* NASAAppCloneUITests.xctest */ = {isa = PBXFileReference; explicitFileType = wrapper.cfbundle; includeInIndex = 0; path = NASAAppCloneUITests.xctest; sourceTree = BUILT_PRODUCTS_DIR; };
		4674CB5829A4F2DC0032391A /* NASAAppCloneUITests.swift */ = {isa = PBXFileReference; lastKnownFileType = sourcecode.swift; path = NASAAppCloneUITests.swift; sourceTree = "<group>"; };
		4674CB5A29A4F2DC0032391A /* NASAAppCloneUITestsLaunchTests.swift */ = {isa = PBXFileReference; lastKnownFileType = sourcecode.swift; path = NASAAppCloneUITestsLaunchTests.swift; sourceTree = "<group>"; };
		4674CB6B29A4F3C00032391A /* Data.json */ = {isa = PBXFileReference; lastKnownFileType = text.json; path = Data.json; sourceTree = "<group>"; };
		4674CB6C29A4F61A0032391A /* Image.swift */ = {isa = PBXFileReference; lastKnownFileType = sourcecode.swift; path = Image.swift; sourceTree = "<group>"; };
		4674CB7029A4F71F0032391A /* APICaller.swift */ = {isa = PBXFileReference; lastKnownFileType = sourcecode.swift; path = APICaller.swift; sourceTree = "<group>"; };
		4674CB7229A4F7580032391A /* ImageListViewModel.swift */ = {isa = PBXFileReference; lastKnownFileType = sourcecode.swift; path = ImageListViewModel.swift; sourceTree = "<group>"; };
		4674CB7529A509190032391A /* ImageCell.swift */ = {isa = PBXFileReference; lastKnownFileType = sourcecode.swift; path = ImageCell.swift; sourceTree = "<group>"; };
		4674CB7B29A5431D0032391A /* DetailVC.swift */ = {isa = PBXFileReference; lastKnownFileType = sourcecode.swift; path = DetailVC.swift; sourceTree = "<group>"; };
		4674CB7D29A5654F0032391A /* ImageTests.swift */ = {isa = PBXFileReference; lastKnownFileType = sourcecode.swift; path = ImageTests.swift; sourceTree = "<group>"; };
		4674CB7F29A5666B0032391A /* ImageListViewModelTests.swift */ = {isa = PBXFileReference; lastKnownFileType = sourcecode.swift; path = ImageListViewModelTests.swift; sourceTree = "<group>"; };
		4674CB8129A56EE10032391A /* DetailImageCell.swift */ = {isa = PBXFileReference; lastKnownFileType = sourcecode.swift; path = DetailImageCell.swift; sourceTree = "<group>"; };
		4674CB8329A5D40F0032391A /* ImageCardsCollectionFlowLayout.swift */ = {isa = PBXFileReference; lastKnownFileType = sourcecode.swift; path = ImageCardsCollectionFlowLayout.swift; sourceTree = "<group>"; };
/* End PBXFileReference section */

/* Begin PBXFrameworksBuildPhase section */
		4674CB3129A4F2DA0032391A /* Frameworks */ = {
			isa = PBXFrameworksBuildPhase;
			buildActionMask = 2147483647;
			files = (
				4674CB7A29A5403F0032391A /* Kingfisher in Frameworks */,
			);
			runOnlyForDeploymentPostprocessing = 0;
		};
		4674CB4729A4F2DC0032391A /* Frameworks */ = {
			isa = PBXFrameworksBuildPhase;
			buildActionMask = 2147483647;
			files = (
			);
			runOnlyForDeploymentPostprocessing = 0;
		};
		4674CB5129A4F2DC0032391A /* Frameworks */ = {
			isa = PBXFrameworksBuildPhase;
			buildActionMask = 2147483647;
			files = (
			);
			runOnlyForDeploymentPostprocessing = 0;
		};
/* End PBXFrameworksBuildPhase section */

/* Begin PBXGroup section */
		4674CB2B29A4F2DA0032391A = {
			isa = PBXGroup;
			children = (
				4674CB3629A4F2DA0032391A /* NASAAppClone */,
				4674CB4D29A4F2DC0032391A /* NASAAppCloneTests */,
				4674CB5729A4F2DC0032391A /* NASAAppCloneUITests */,
				4674CB3529A4F2DA0032391A /* Products */,
			);
			sourceTree = "<group>";
		};
		4674CB3529A4F2DA0032391A /* Products */ = {
			isa = PBXGroup;
			children = (
				4674CB3429A4F2DA0032391A /* NASAAppClone.app */,
				4674CB4A29A4F2DC0032391A /* NASAAppCloneTests.xctest */,
				4674CB5429A4F2DC0032391A /* NASAAppCloneUITests.xctest */,
			);
			name = Products;
			sourceTree = "<group>";
		};
		4674CB3629A4F2DA0032391A /* NASAAppClone */ = {
			isa = PBXGroup;
			children = (
				4674CB7429A4F7610032391A /* VCs */,
				4674CB6F29A4F7120032391A /* ServiceManager */,
				4674CB6E29A4F6FD0032391A /* Delegates */,
				4674CB6A29A4F3030032391A /* ViewModels */,
				4674CB6929A4F2FE0032391A /* Views */,
				4674CB6829A4F2F70032391A /* Models */,
				4674CB6729A4F2EF0032391A /* Data */,
				4674CB3D29A4F2DA0032391A /* Main.storyboard */,
				4674CB4029A4F2DB0032391A /* Assets.xcassets */,
				4674CB4229A4F2DB0032391A /* LaunchScreen.storyboard */,
				4674CB4529A4F2DB0032391A /* Info.plist */,
			);
			path = NASAAppClone;
			sourceTree = "<group>";
		};
		4674CB4D29A4F2DC0032391A /* NASAAppCloneTests */ = {
			isa = PBXGroup;
			children = (
				4674CB4E29A4F2DC0032391A /* NASAAppCloneTests.swift */,
				4674CB7D29A5654F0032391A /* ImageTests.swift */,
				4674CB7F29A5666B0032391A /* ImageListViewModelTests.swift */,
			);
			path = NASAAppCloneTests;
			sourceTree = "<group>";
		};
		4674CB5729A4F2DC0032391A /* NASAAppCloneUITests */ = {
			isa = PBXGroup;
			children = (
				4674CB5829A4F2DC0032391A /* NASAAppCloneUITests.swift */,
				4674CB5A29A4F2DC0032391A /* NASAAppCloneUITestsLaunchTests.swift */,
			);
			path = NASAAppCloneUITests;
			sourceTree = "<group>";
		};
		4674CB6729A4F2EF0032391A /* Data */ = {
			isa = PBXGroup;
			children = (
				4674CB6B29A4F3C00032391A /* Data.json */,
			);
			path = Data;
			sourceTree = "<group>";
		};
		4674CB6829A4F2F70032391A /* Models */ = {
			isa = PBXGroup;
			children = (
				4674CB6C29A4F61A0032391A /* Image.swift */,
			);
			path = Models;
			sourceTree = "<group>";
		};
		4674CB6929A4F2FE0032391A /* Views */ = {
			isa = PBXGroup;
			children = (
				4674CB7529A509190032391A /* ImageCell.swift */,
				4674CB8129A56EE10032391A /* DetailImageCell.swift */,
				4674CB8329A5D40F0032391A /* ImageCardsCollectionFlowLayout.swift */,
			);
			path = Views;
			sourceTree = "<group>";
		};
		4674CB6A29A4F3030032391A /* ViewModels */ = {
			isa = PBXGroup;
			children = (
				4674CB7229A4F7580032391A /* ImageListViewModel.swift */,
			);
			path = ViewModels;
			sourceTree = "<group>";
		};
		4674CB6E29A4F6FD0032391A /* Delegates */ = {
			isa = PBXGroup;
			children = (
				4674CB3729A4F2DA0032391A /* AppDelegate.swift */,
				4674CB3929A4F2DA0032391A /* SceneDelegate.swift */,
			);
			path = Delegates;
			sourceTree = "<group>";
		};
		4674CB6F29A4F7120032391A /* ServiceManager */ = {
			isa = PBXGroup;
			children = (
				4674CB7029A4F71F0032391A /* APICaller.swift */,
			);
			path = ServiceManager;
			sourceTree = "<group>";
		};
		4674CB7429A4F7610032391A /* VCs */ = {
			isa = PBXGroup;
			children = (
				4674CB3B29A4F2DA0032391A /* ImageListVC.swift */,
				4674CB7B29A5431D0032391A /* DetailVC.swift */,
			);
			path = VCs;
			sourceTree = "<group>";
		};
/* End PBXGroup section */

/* Begin PBXNativeTarget section */
		4674CB3329A4F2DA0032391A /* NASAAppClone */ = {
			isa = PBXNativeTarget;
			buildConfigurationList = 4674CB5E29A4F2DC0032391A /* Build configuration list for PBXNativeTarget "NASAAppClone" */;
			buildPhases = (
				4674CB3029A4F2DA0032391A /* Sources */,
				4674CB3129A4F2DA0032391A /* Frameworks */,
				4674CB3229A4F2DA0032391A /* Resources */,
			);
			buildRules = (
			);
			dependencies = (
			);
			name = NASAAppClone;
			packageProductDependencies = (
				4674CB7929A5403F0032391A /* Kingfisher */,
			);
			productName = NASAAppClone;
			productReference = 4674CB3429A4F2DA0032391A /* NASAAppClone.app */;
			productType = "com.apple.product-type.application";
		};
		4674CB4929A4F2DC0032391A /* NASAAppCloneTests */ = {
			isa = PBXNativeTarget;
			buildConfigurationList = 4674CB6129A4F2DC0032391A /* Build configuration list for PBXNativeTarget "NASAAppCloneTests" */;
			buildPhases = (
				4674CB4629A4F2DC0032391A /* Sources */,
				4674CB4729A4F2DC0032391A /* Frameworks */,
				4674CB4829A4F2DC0032391A /* Resources */,
			);
			buildRules = (
			);
			dependencies = (
				4674CB4C29A4F2DC0032391A /* PBXTargetDependency */,
			);
			name = NASAAppCloneTests;
			productName = NASAAppCloneTests;
			productReference = 4674CB4A29A4F2DC0032391A /* NASAAppCloneTests.xctest */;
			productType = "com.apple.product-type.bundle.unit-test";
		};
		4674CB5329A4F2DC0032391A /* NASAAppCloneUITests */ = {
			isa = PBXNativeTarget;
			buildConfigurationList = 4674CB6429A4F2DC0032391A /* Build configuration list for PBXNativeTarget "NASAAppCloneUITests" */;
			buildPhases = (
				4674CB5029A4F2DC0032391A /* Sources */,
				4674CB5129A4F2DC0032391A /* Frameworks */,
				4674CB5229A4F2DC0032391A /* Resources */,
			);
			buildRules = (
			);
			dependencies = (
				4674CB5629A4F2DC0032391A /* PBXTargetDependency */,
			);
			name = NASAAppCloneUITests;
			productName = NASAAppCloneUITests;
			productReference = 4674CB5429A4F2DC0032391A /* NASAAppCloneUITests.xctest */;
			productType = "com.apple.product-type.bundle.ui-testing";
		};
/* End PBXNativeTarget section */

/* Begin PBXProject section */
		4674CB2C29A4F2DA0032391A /* Project object */ = {
			isa = PBXProject;
			attributes = {
				BuildIndependentTargetsInParallel = 1;
				LastSwiftUpdateCheck = 1400;
				LastUpgradeCheck = 1400;
				TargetAttributes = {
					4674CB3329A4F2DA0032391A = {
						CreatedOnToolsVersion = 14.0.1;
					};
					4674CB4929A4F2DC0032391A = {
						CreatedOnToolsVersion = 14.0.1;
						TestTargetID = 4674CB3329A4F2DA0032391A;
					};
					4674CB5329A4F2DC0032391A = {
						CreatedOnToolsVersion = 14.0.1;
						TestTargetID = 4674CB3329A4F2DA0032391A;
					};
				};
			};
			buildConfigurationList = 4674CB2F29A4F2DA0032391A /* Build configuration list for PBXProject "NASAAppClone" */;
			compatibilityVersion = "Xcode 14.0";
			developmentRegion = en;
			hasScannedForEncodings = 0;
			knownRegions = (
				en,
				Base,
			);
			mainGroup = 4674CB2B29A4F2DA0032391A;
			packageReferences = (
				4674CB7829A5403F0032391A /* XCRemoteSwiftPackageReference "Kingfisher" */,
			);
			productRefGroup = 4674CB3529A4F2DA0032391A /* Products */;
			projectDirPath = "";
			projectRoot = "";
			targets = (
				4674CB3329A4F2DA0032391A /* NASAAppClone */,
				4674CB4929A4F2DC0032391A /* NASAAppCloneTests */,
				4674CB5329A4F2DC0032391A /* NASAAppCloneUITests */,
			);
		};
/* End PBXProject section */

/* Begin PBXResourcesBuildPhase section */
		4674CB3229A4F2DA0032391A /* Resources */ = {
			isa = PBXResourcesBuildPhase;
			buildActionMask = 2147483647;
			files = (
				4674CB7729A521DB0032391A /* Data.json in Resources */,
				4674CB4429A4F2DB0032391A /* LaunchScreen.storyboard in Resources */,
				4674CB4129A4F2DB0032391A /* Assets.xcassets in Resources */,
				4674CB3F29A4F2DA0032391A /* Main.storyboard in Resources */,
			);
			runOnlyForDeploymentPostprocessing = 0;
		};
		4674CB4829A4F2DC0032391A /* Resources */ = {
			isa = PBXResourcesBuildPhase;
			buildActionMask = 2147483647;
			files = (
			);
			runOnlyForDeploymentPostprocessing = 0;
		};
		4674CB5229A4F2DC0032391A /* Resources */ = {
			isa = PBXResourcesBuildPhase;
			buildActionMask = 2147483647;
			files = (
			);
			runOnlyForDeploymentPostprocessing = 0;
		};
/* End PBXResourcesBuildPhase section */

/* Begin PBXSourcesBuildPhase section */
		4674CB3029A4F2DA0032391A /* Sources */ = {
			isa = PBXSourcesBuildPhase;
			buildActionMask = 2147483647;
			files = (
				4674CB7329A4F7580032391A /* ImageListViewModel.swift in Sources */,
				4674CB8429A5D40F0032391A /* ImageCardsCollectionFlowLayout.swift in Sources */,
				4674CB3C29A4F2DA0032391A /* ImageListVC.swift in Sources */,
				4674CB6D29A4F61A0032391A /* Image.swift in Sources */,
				4674CB3829A4F2DA0032391A /* AppDelegate.swift in Sources */,
				4674CB7129A4F71F0032391A /* APICaller.swift in Sources */,
				4674CB8229A56EE10032391A /* DetailImageCell.swift in Sources */,
				4674CB7C29A5431D0032391A /* DetailVC.swift in Sources */,
				4674CB7629A509190032391A /* ImageCell.swift in Sources */,
				4674CB3A29A4F2DA0032391A /* SceneDelegate.swift in Sources */,
			);
			runOnlyForDeploymentPostprocessing = 0;
		};
		4674CB4629A4F2DC0032391A /* Sources */ = {
			isa = PBXSourcesBuildPhase;
			buildActionMask = 2147483647;
			files = (
				4674CB4F29A4F2DC0032391A /* NASAAppCloneTests.swift in Sources */,
				4674CB7E29A5654F0032391A /* ImageTests.swift in Sources */,
				4674CB8029A5666B0032391A /* ImageListViewModelTests.swift in Sources */,
			);
			runOnlyForDeploymentPostprocessing = 0;
		};
		4674CB5029A4F2DC0032391A /* Sources */ = {
			isa = PBXSourcesBuildPhase;
			buildActionMask = 2147483647;
			files = (
				4674CB5929A4F2DC0032391A /* NASAAppCloneUITests.swift in Sources */,
				4674CB5B29A4F2DC0032391A /* NASAAppCloneUITestsLaunchTests.swift in Sources */,
			);
			runOnlyForDeploymentPostprocessing = 0;
		};
/* End PBXSourcesBuildPhase section */

/* Begin PBXTargetDependency section */
		4674CB4C29A4F2DC0032391A /* PBXTargetDependency */ = {
			isa = PBXTargetDependency;
			target = 4674CB3329A4F2DA0032391A /* NASAAppClone */;
			targetProxy = 4674CB4B29A4F2DC0032391A /* PBXContainerItemProxy */;
		};
		4674CB5629A4F2DC0032391A /* PBXTargetDependency */ = {
			isa = PBXTargetDependency;
			target = 4674CB3329A4F2DA0032391A /* NASAAppClone */;
			targetProxy = 4674CB5529A4F2DC0032391A /* PBXContainerItemProxy */;
		};
/* End PBXTargetDependency section */

/* Begin PBXVariantGroup section */
		4674CB3D29A4F2DA0032391A /* Main.storyboard */ = {
			isa = PBXVariantGroup;
			children = (
				4674CB3E29A4F2DA0032391A /* Base */,
			);
			name = Main.storyboard;
			sourceTree = "<group>";
		};
		4674CB4229A4F2DB0032391A /* LaunchScreen.storyboard */ = {
			isa = PBXVariantGroup;
			children = (
				4674CB4329A4F2DB0032391A /* Base */,
			);
			name = LaunchScreen.storyboard;
			sourceTree = "<group>";
		};
/* End PBXVariantGroup section */

/* Begin XCBuildConfiguration section */
		4674CB5C29A4F2DC0032391A /* Debug */ = {
			isa = XCBuildConfiguration;
			buildSettings = {
				ALWAYS_SEARCH_USER_PATHS = NO;
				CLANG_ANALYZER_NONNULL = YES;
				CLANG_ANALYZER_NUMBER_OBJECT_CONVERSION = YES_AGGRESSIVE;
				CLANG_CXX_LANGUAGE_STANDARD = "gnu++20";
				CLANG_ENABLE_MODULES = YES;
				CLANG_ENABLE_OBJC_ARC = YES;
				CLANG_ENABLE_OBJC_WEAK = YES;
				CLANG_WARN_BLOCK_CAPTURE_AUTORELEASING = YES;
				CLANG_WARN_BOOL_CONVERSION = YES;
				CLANG_WARN_COMMA = YES;
				CLANG_WARN_CONSTANT_CONVERSION = YES;
				CLANG_WARN_DEPRECATED_OBJC_IMPLEMENTATIONS = YES;
				CLANG_WARN_DIRECT_OBJC_ISA_USAGE = YES_ERROR;
				CLANG_WARN_DOCUMENTATION_COMMENTS = YES;
				CLANG_WARN_EMPTY_BODY = YES;
				CLANG_WARN_ENUM_CONVERSION = YES;
				CLANG_WARN_INFINITE_RECURSION = YES;
				CLANG_WARN_INT_CONVERSION = YES;
				CLANG_WARN_NON_LITERAL_NULL_CONVERSION = YES;
				CLANG_WARN_OBJC_IMPLICIT_RETAIN_SELF = YES;
				CLANG_WARN_OBJC_LITERAL_CONVERSION = YES;
				CLANG_WARN_OBJC_ROOT_CLASS = YES_ERROR;
				CLANG_WARN_QUOTED_INCLUDE_IN_FRAMEWORK_HEADER = YES;
				CLANG_WARN_RANGE_LOOP_ANALYSIS = YES;
				CLANG_WARN_STRICT_PROTOTYPES = YES;
				CLANG_WARN_SUSPICIOUS_MOVE = YES;
				CLANG_WARN_UNGUARDED_AVAILABILITY = YES_AGGRESSIVE;
				CLANG_WARN_UNREACHABLE_CODE = YES;
				CLANG_WARN__DUPLICATE_METHOD_MATCH = YES;
				COPY_PHASE_STRIP = NO;
				DEBUG_INFORMATION_FORMAT = dwarf;
				ENABLE_STRICT_OBJC_MSGSEND = YES;
				ENABLE_TESTABILITY = YES;
				GCC_C_LANGUAGE_STANDARD = gnu11;
				GCC_DYNAMIC_NO_PIC = NO;
				GCC_NO_COMMON_BLOCKS = YES;
				GCC_OPTIMIZATION_LEVEL = 0;
				GCC_PREPROCESSOR_DEFINITIONS = (
					"DEBUG=1",
					"$(inherited)",
				);
				GCC_WARN_64_TO_32_BIT_CONVERSION = YES;
				GCC_WARN_ABOUT_RETURN_TYPE = YES_ERROR;
				GCC_WARN_UNDECLARED_SELECTOR = YES;
				GCC_WARN_UNINITIALIZED_AUTOS = YES_AGGRESSIVE;
				GCC_WARN_UNUSED_FUNCTION = YES;
				GCC_WARN_UNUSED_VARIABLE = YES;
				IPHONEOS_DEPLOYMENT_TARGET = 16.0;
				MTL_ENABLE_DEBUG_INFO = INCLUDE_SOURCE;
				MTL_FAST_MATH = YES;
				ONLY_ACTIVE_ARCH = YES;
				SDKROOT = iphoneos;
				SWIFT_ACTIVE_COMPILATION_CONDITIONS = DEBUG;
				SWIFT_OPTIMIZATION_LEVEL = "-Onone";
			};
			name = Debug;
		};
		4674CB5D29A4F2DC0032391A /* Release */ = {
			isa = XCBuildConfiguration;
			buildSettings = {
				ALWAYS_SEARCH_USER_PATHS = NO;
				CLANG_ANALYZER_NONNULL = YES;
				CLANG_ANALYZER_NUMBER_OBJECT_CONVERSION = YES_AGGRESSIVE;
				CLANG_CXX_LANGUAGE_STANDARD = "gnu++20";
				CLANG_ENABLE_MODULES = YES;
				CLANG_ENABLE_OBJC_ARC = YES;
				CLANG_ENABLE_OBJC_WEAK = YES;
				CLANG_WARN_BLOCK_CAPTURE_AUTORELEASING = YES;
				CLANG_WARN_BOOL_CONVERSION = YES;
				CLANG_WARN_COMMA = YES;
				CLANG_WARN_CONSTANT_CONVERSION = YES;
				CLANG_WARN_DEPRECATED_OBJC_IMPLEMENTATIONS = YES;
				CLANG_WARN_DIRECT_OBJC_ISA_USAGE = YES_ERROR;
				CLANG_WARN_DOCUMENTATION_COMMENTS = YES;
				CLANG_WARN_EMPTY_BODY = YES;
				CLANG_WARN_ENUM_CONVERSION = YES;
				CLANG_WARN_INFINITE_RECURSION = YES;
				CLANG_WARN_INT_CONVERSION = YES;
				CLANG_WARN_NON_LITERAL_NULL_CONVERSION = YES;
				CLANG_WARN_OBJC_IMPLICIT_RETAIN_SELF = YES;
				CLANG_WARN_OBJC_LITERAL_CONVERSION = YES;
				CLANG_WARN_OBJC_ROOT_CLASS = YES_ERROR;
				CLANG_WARN_QUOTED_INCLUDE_IN_FRAMEWORK_HEADER = YES;
				CLANG_WARN_RANGE_LOOP_ANALYSIS = YES;
				CLANG_WARN_STRICT_PROTOTYPES = YES;
				CLANG_WARN_SUSPICIOUS_MOVE = YES;
				CLANG_WARN_UNGUARDED_AVAILABILITY = YES_AGGRESSIVE;
				CLANG_WARN_UNREACHABLE_CODE = YES;
				CLANG_WARN__DUPLICATE_METHOD_MATCH = YES;
				COPY_PHASE_STRIP = NO;
				DEBUG_INFORMATION_FORMAT = "dwarf-with-dsym";
				ENABLE_NS_ASSERTIONS = NO;
				ENABLE_STRICT_OBJC_MSGSEND = YES;
				GCC_C_LANGUAGE_STANDARD = gnu11;
				GCC_NO_COMMON_BLOCKS = YES;
				GCC_WARN_64_TO_32_BIT_CONVERSION = YES;
				GCC_WARN_ABOUT_RETURN_TYPE = YES_ERROR;
				GCC_WARN_UNDECLARED_SELECTOR = YES;
				GCC_WARN_UNINITIALIZED_AUTOS = YES_AGGRESSIVE;
				GCC_WARN_UNUSED_FUNCTION = YES;
				GCC_WARN_UNUSED_VARIABLE = YES;
				IPHONEOS_DEPLOYMENT_TARGET = 16.0;
				MTL_ENABLE_DEBUG_INFO = NO;
				MTL_FAST_MATH = YES;
				SDKROOT = iphoneos;
				SWIFT_COMPILATION_MODE = wholemodule;
				SWIFT_OPTIMIZATION_LEVEL = "-O";
				VALIDATE_PRODUCT = YES;
			};
			name = Release;
		};
		4674CB5F29A4F2DC0032391A /* Debug */ = {
			isa = XCBuildConfiguration;
			buildSettings = {
				ASSETCATALOG_COMPILER_APPICON_NAME = AppIcon;
				ASSETCATALOG_COMPILER_GLOBAL_ACCENT_COLOR_NAME = AccentColor;
				CODE_SIGN_STYLE = Automatic;
				CURRENT_PROJECT_VERSION = 1;
				GENERATE_INFOPLIST_FILE = YES;
				INFOPLIST_FILE = NASAAppClone/Info.plist;
				INFOPLIST_KEY_UIApplicationSupportsIndirectInputEvents = YES;
				INFOPLIST_KEY_UILaunchStoryboardName = LaunchScreen;
				INFOPLIST_KEY_UIMainStoryboardFile = Main;
				INFOPLIST_KEY_UISupportedInterfaceOrientations_iPad = "UIInterfaceOrientationPortrait UIInterfaceOrientationPortraitUpsideDown UIInterfaceOrientationLandscapeLeft UIInterfaceOrientationLandscapeRight";
				INFOPLIST_KEY_UISupportedInterfaceOrientations_iPhone = "UIInterfaceOrientationPortrait UIInterfaceOrientationLandscapeLeft UIInterfaceOrientationLandscapeRight";
				LD_RUNPATH_SEARCH_PATHS = (
					"$(inherited)",
					"@executable_path/Frameworks",
				);
				MARKETING_VERSION = 1.0;
				PRODUCT_BUNDLE_IDENTIFIER = com.apple.arma.NASAAppClone;
				PRODUCT_NAME = "$(TARGET_NAME)";
				SWIFT_EMIT_LOC_STRINGS = YES;
				SWIFT_VERSION = 5.0;
				TARGETED_DEVICE_FAMILY = "1,2";
			};
			name = Debug;
		};
		4674CB6029A4F2DC0032391A /* Release */ = {
			isa = XCBuildConfiguration;
			buildSettings = {
				ASSETCATALOG_COMPILER_APPICON_NAME = AppIcon;
				ASSETCATALOG_COMPILER_GLOBAL_ACCENT_COLOR_NAME = AccentColor;
				CODE_SIGN_STYLE = Automatic;
				CURRENT_PROJECT_VERSION = 1;
				GENERATE_INFOPLIST_FILE = YES;
				INFOPLIST_FILE = NASAAppClone/Info.plist;
				INFOPLIST_KEY_UIApplicationSupportsIndirectInputEvents = YES;
				INFOPLIST_KEY_UILaunchStoryboardName = LaunchScreen;
				INFOPLIST_KEY_UIMainStoryboardFile = Main;
				INFOPLIST_KEY_UISupportedInterfaceOrientations_iPad = "UIInterfaceOrientationPortrait UIInterfaceOrientationPortraitUpsideDown UIInterfaceOrientationLandscapeLeft UIInterfaceOrientationLandscapeRight";
				INFOPLIST_KEY_UISupportedInterfaceOrientations_iPhone = "UIInterfaceOrientationPortrait UIInterfaceOrientationLandscapeLeft UIInterfaceOrientationLandscapeRight";
				LD_RUNPATH_SEARCH_PATHS = (
					"$(inherited)",
					"@executable_path/Frameworks",
				);
				MARKETING_VERSION = 1.0;
				PRODUCT_BUNDLE_IDENTIFIER = com.apple.arma.NASAAppClone;
				PRODUCT_NAME = "$(TARGET_NAME)";
				SWIFT_EMIT_LOC_STRINGS = YES;
				SWIFT_VERSION = 5.0;
				TARGETED_DEVICE_FAMILY = "1,2";
			};
			name = Release;
		};
		4674CB6229A4F2DC0032391A /* Debug */ = {
			isa = XCBuildConfiguration;
			buildSettings = {
				ALWAYS_EMBED_SWIFT_STANDARD_LIBRARIES = YES;
				BUNDLE_LOADER = "$(TEST_HOST)";
				CODE_SIGN_STYLE = Automatic;
				CURRENT_PROJECT_VERSION = 1;
				GENERATE_INFOPLIST_FILE = YES;
				IPHONEOS_DEPLOYMENT_TARGET = 16.0;
				MARKETING_VERSION = 1.0;
				PRODUCT_BUNDLE_IDENTIFIER = com.apple.arma.NASAAppCloneTests;
				PRODUCT_NAME = "$(TARGET_NAME)";
				SWIFT_EMIT_LOC_STRINGS = NO;
				SWIFT_VERSION = 5.0;
				TARGETED_DEVICE_FAMILY = "1,2";
				TEST_HOST = "$(BUILT_PRODUCTS_DIR)/NASAAppClone.app/$(BUNDLE_EXECUTABLE_FOLDER_PATH)/NASAAppClone";
			};
			name = Debug;
		};
		4674CB6329A4F2DC0032391A /* Release */ = {
			isa = XCBuildConfiguration;
			buildSettings = {
				ALWAYS_EMBED_SWIFT_STANDARD_LIBRARIES = YES;
				BUNDLE_LOADER = "$(TEST_HOST)";
				CODE_SIGN_STYLE = Automatic;
				CURRENT_PROJECT_VERSION = 1;
				GENERATE_INFOPLIST_FILE = YES;
				IPHONEOS_DEPLOYMENT_TARGET = 16.0;
				MARKETING_VERSION = 1.0;
				PRODUCT_BUNDLE_IDENTIFIER = com.apple.arma.NASAAppCloneTests;
				PRODUCT_NAME = "$(TARGET_NAME)";
				SWIFT_EMIT_LOC_STRINGS = NO;
				SWIFT_VERSION = 5.0;
				TARGETED_DEVICE_FAMILY = "1,2";
				TEST_HOST = "$(BUILT_PRODUCTS_DIR)/NASAAppClone.app/$(BUNDLE_EXECUTABLE_FOLDER_PATH)/NASAAppClone";
			};
			name = Release;
		};
		4674CB6529A4F2DC0032391A /* Debug */ = {
			isa = XCBuildConfiguration;
			buildSettings = {
				ALWAYS_EMBED_SWIFT_STANDARD_LIBRARIES = YES;
				CODE_SIGN_STYLE = Automatic;
				CURRENT_PROJECT_VERSION = 1;
				GENERATE_INFOPLIST_FILE = YES;
				MARKETING_VERSION = 1.0;
				PRODUCT_BUNDLE_IDENTIFIER = com.apple.arma.NASAAppCloneUITests;
				PRODUCT_NAME = "$(TARGET_NAME)";
				SWIFT_EMIT_LOC_STRINGS = NO;
				SWIFT_VERSION = 5.0;
				TARGETED_DEVICE_FAMILY = "1,2";
				TEST_TARGET_NAME = NASAAppClone;
			};
			name = Debug;
		};
		4674CB6629A4F2DC0032391A /* Release */ = {
			isa = XCBuildConfiguration;
			buildSettings = {
				ALWAYS_EMBED_SWIFT_STANDARD_LIBRARIES = YES;
				CODE_SIGN_STYLE = Automatic;
				CURRENT_PROJECT_VERSION = 1;
				GENERATE_INFOPLIST_FILE = YES;
				MARKETING_VERSION = 1.0;
				PRODUCT_BUNDLE_IDENTIFIER = com.apple.arma.NASAAppCloneUITests;
				PRODUCT_NAME = "$(TARGET_NAME)";
				SWIFT_EMIT_LOC_STRINGS = NO;
				SWIFT_VERSION = 5.0;
				TARGETED_DEVICE_FAMILY = "1,2";
				TEST_TARGET_NAME = NASAAppClone;
			};
			name = Release;
		};
/* End XCBuildConfiguration section */

/* Begin XCConfigurationList section */
		4674CB2F29A4F2DA0032391A /* Build configuration list for PBXProject "NASAAppClone" */ = {
			isa = XCConfigurationList;
			buildConfigurations = (
				4674CB5C29A4F2DC0032391A /* Debug */,
				4674CB5D29A4F2DC0032391A /* Release */,
			);
			defaultConfigurationIsVisible = 0;
			defaultConfigurationName = Release;
		};
		4674CB5E29A4F2DC0032391A /* Build configuration list for PBXNativeTarget "NASAAppClone" */ = {
			isa = XCConfigurationList;
			buildConfigurations = (
				4674CB5F29A4F2DC0032391A /* Debug */,
				4674CB6029A4F2DC0032391A /* Release */,
			);
			defaultConfigurationIsVisible = 0;
			defaultConfigurationName = Release;
		};
		4674CB6129A4F2DC0032391A /* Build configuration list for PBXNativeTarget "NASAAppCloneTests" */ = {
			isa = XCConfigurationList;
			buildConfigurations = (
				4674CB6229A4F2DC0032391A /* Debug */,
				4674CB6329A4F2DC0032391A /* Release */,
			);
			defaultConfigurationIsVisible = 0;
			defaultConfigurationName = Release;
		};
		4674CB6429A4F2DC0032391A /* Build configuration list for PBXNativeTarget "NASAAppCloneUITests" */ = {
			isa = XCConfigurationList;
			buildConfigurations = (
				4674CB6529A4F2DC0032391A /* Debug */,
				4674CB6629A4F2DC0032391A /* Release */,
			);
			defaultConfigurationIsVisible = 0;
			defaultConfigurationName = Release;
		};
/* End XCConfigurationList section */

/* Begin XCRemoteSwiftPackageReference section */
		4674CB7829A5403F0032391A /* XCRemoteSwiftPackageReference "Kingfisher" */ = {
			isa = XCRemoteSwiftPackageReference;
			repositoryURL = "https://github.com/onevcat/Kingfisher.git";
			requirement = {
				kind = upToNextMajorVersion;
				minimumVersion = 7.0.0;
			};
		};
/* End XCRemoteSwiftPackageReference section */

/* Begin XCSwiftPackageProductDependency section */
		4674CB7929A5403F0032391A /* Kingfisher */ = {
			isa = XCSwiftPackageProductDependency;
			package = 4674CB7829A5403F0032391A /* XCRemoteSwiftPackageReference "Kingfisher" */;
			productName = Kingfisher;
		};
/* End XCSwiftPackageProductDependency section */
	};
	rootObject = 4674CB2C29A4F2DA0032391A /* Project object */;
}
